
Microsoft Visual Studio Solution File, Format Version 12.00
# Visual Studio 15
VisualStudioVersion = 15.0.27004.2006
MinimumVisualStudioVersion = 10.0.40219.1
Project("{FAE04EC0-301F-11D3-BF4B-00C04F79EFBC}") = "NUnit.Parallelism.Integration.Tests", "tests\NUnit.Parallelism.Integration.Tests\NUnit.Parallelism.Integration.Tests.csproj", "{47C7F745-9233-44B4-9926-FB3DFBD14560}"
EndProject
Project("{2150E333-8FDC-42A3-9474-1A3956D46DE8}") = "Solution Items", "Solution Items", "{4B6041B7-FA45-45C7-A3B1-D866B6948B22}"
	ProjectSection(SolutionItems) = preProject
		.gitattributes = .gitattributes
		.gitignore = .gitignore
		NuGet.config = NuGet.config
		README.md = README.md
	EndProjectSection
EndProject
Project("{2150E333-8FDC-42A3-9474-1A3956D46DE8}") = "tests", "tests", "{6871A847-C593-4919-9A31-B043F792D97F}"
EndProject
Project("{FAE04EC0-301F-11D3-BF4B-00C04F79EFBC}") = "Parallel.SetupFixtures", "tests\Parallel.SetupFixtures\Parallel.SetupFixtures.csproj", "{4CBC3AE2-87A3-417E-9937-AA25CFF038E8}"
EndProject
Project("{FAE04EC0-301F-11D3-BF4B-00C04F79EFBC}") = "Respects.ApartmentState", "tests\Respects.ApartmentState\Respects.ApartmentState.csproj", "{830ABCA5-15BB-424F-BE48-B3ADB4E93E8F}"
EndProject
Project("{FAE04EC0-301F-11D3-BF4B-00C04F79EFBC}") = "SetupFixture", "tests\SetupFixture\SetupFixture.csproj", "{2662B483-8B94-4E4A-96B1-212E95C392EC}"
EndProject
Project("{FAE04EC0-301F-11D3-BF4B-00C04F79EFBC}") = "Parallel.Children", "tests\Parallel.Children\Parallel.Children.csproj", "{68CD3C57-B398-4029-A529-F993F2C28434}"
EndProject
Project("{FAE04EC0-301F-11D3-BF4B-00C04F79EFBC}") = "Respects.AssemblyApartmentState", "tests\Respects.AssemblyApartmentState\Respects.AssemblyApartmentState.csproj", "{567BC9B1-68FB-4FD3-9A1C-15E3129D76FE}"
EndProject
Global
	GlobalSection(SolutionConfigurationPlatforms) = preSolution
		Debug|Any CPU = Debug|Any CPU
		Release|Any CPU = Release|Any CPU
	EndGlobalSection
	GlobalSection(ProjectConfigurationPlatforms) = postSolution
		{47C7F745-9233-44B4-9926-FB3DFBD14560}.Debug|Any CPU.ActiveCfg = Debug|Any CPU
		{47C7F745-9233-44B4-9926-FB3DFBD14560}.Debug|Any CPU.Build.0 = Debug|Any CPU
		{47C7F745-9233-44B4-9926-FB3DFBD14560}.Release|Any CPU.ActiveCfg = Release|Any CPU
		{47C7F745-9233-44B4-9926-FB3DFBD14560}.Release|Any CPU.Build.0 = Release|Any CPU
		{4CBC3AE2-87A3-417E-9937-AA25CFF038E8}.Debug|Any CPU.ActiveCfg = Debug|Any CPU
		{4CBC3AE2-87A3-417E-9937-AA25CFF038E8}.Debug|Any CPU.Build.0 = Debug|Any CPU
		{4CBC3AE2-87A3-417E-9937-AA25CFF038E8}.Release|Any CPU.ActiveCfg = Release|Any CPU
		{4CBC3AE2-87A3-417E-9937-AA25CFF038E8}.Release|Any CPU.Build.0 = Release|Any CPU
		{830ABCA5-15BB-424F-BE48-B3ADB4E93E8F}.Debug|Any CPU.ActiveCfg = Debug|Any CPU
		{830ABCA5-15BB-424F-BE48-B3ADB4E93E8F}.Debug|Any CPU.Build.0 = Debug|Any CPU
		{830ABCA5-15BB-424F-BE48-B3ADB4E93E8F}.Release|Any CPU.ActiveCfg = Release|Any CPU
		{830ABCA5-15BB-424F-BE48-B3ADB4E93E8F}.Release|Any CPU.Build.0 = Release|Any CPU
		{2662B483-8B94-4E4A-96B1-212E95C392EC}.Debug|Any CPU.ActiveCfg = Debug|Any CPU
		{2662B483-8B94-4E4A-96B1-212E95C392EC}.Debug|Any CPU.Build.0 = Debug|Any CPU
		{2662B483-8B94-4E4A-96B1-212E95C392EC}.Release|Any CPU.ActiveCfg = Release|Any CPU
		{2662B483-8B94-4E4A-96B1-212E95C392EC}.Release|Any CPU.Build.0 = Release|Any CPU
		{68CD3C57-B398-4029-A529-F993F2C28434}.Debug|Any CPU.ActiveCfg = Debug|Any CPU
		{68CD3C57-B398-4029-A529-F993F2C28434}.Debug|Any CPU.Build.0 = Debug|Any CPU
		{68CD3C57-B398-4029-A529-F993F2C28434}.Release|Any CPU.ActiveCfg = Release|Any CPU
		{68CD3C57-B398-4029-A529-F993F2C28434}.Release|Any CPU.Build.0 = Release|Any CPU
		{567BC9B1-68FB-4FD3-9A1C-15E3129D76FE}.Debug|Any CPU.ActiveCfg = Debug|Any CPU
		{567BC9B1-68FB-4FD3-9A1C-15E3129D76FE}.Debug|Any CPU.Build.0 = Debug|Any CPU
		{567BC9B1-68FB-4FD3-9A1C-15E3129D76FE}.Release|Any CPU.ActiveCfg = Release|Any CPU
		{567BC9B1-68FB-4FD3-9A1C-15E3129D76FE}.Release|Any CPU.Build.0 = Release|Any CPU
	EndGlobalSection
	GlobalSection(SolutionProperties) = preSolution
		HideSolutionNode = FALSE
	EndGlobalSection
	GlobalSection(NestedProjects) = preSolution
		{47C7F745-9233-44B4-9926-FB3DFBD14560} = {6871A847-C593-4919-9A31-B043F792D97F}
		{4CBC3AE2-87A3-417E-9937-AA25CFF038E8} = {6871A847-C593-4919-9A31-B043F792D97F}
		{830ABCA5-15BB-424F-BE48-B3ADB4E93E8F} = {6871A847-C593-4919-9A31-B043F792D97F}
		{2662B483-8B94-4E4A-96B1-212E95C392EC} = {6871A847-C593-4919-9A31-B043F792D97F}
		{68CD3C57-B398-4029-A529-F993F2C28434} = {6871A847-C593-4919-9A31-B043F792D97F}
	EndGlobalSection
	GlobalSection(ExtensibilityGlobals) = postSolution
		SolutionGuid = {8CD6D1DD-8243-48A3-A9E4-222AA2A63E80}
	EndGlobalSection
EndGlobal
